
Microsoft Visual Studio Solution File, Format Version 12.00
# Visual Studio Version 17
VisualStudioVersion = 17.6.33829.357
MinimumVisualStudioVersion = 10.0.40219.1
Project("{FAE04EC0-301F-11D3-BF4B-00C04F79EFBC}") = "TestProject", "TestProject.csproj", "{AFC41757-F236-4697-8E8A-6BCDA0C5D526}"
EndProject
Global
	GlobalSection(SolutionConfigurationPlatforms) = preSolution
		Debug|Any CPU = Debug|Any CPU
		Release|Any CPU = Release|Any CPU
	EndGlobalSection
	GlobalSection(ProjectConfigurationPlatforms) = postSolution
		{AFC41757-F236-4697-8E8A-6BCDA0C5D526}.Debug|Any CPU.ActiveCfg = Debug|Any CPU
		{AFC41757-F236-4697-8E8A-6BCDA0C5D526}.Debug|Any CPU.Build.0 = Debug|Any CPU
		{AFC41757-F236-4697-8E8A-6BCDA0C5D526}.Release|Any CPU.ActiveCfg = Release|Any CPU
		{AFC41757-F236-4697-8E8A-6BCDA0C5D526}.Release|Any CPU.Build.0 = Release|Any CPU
	EndGlobalSection
	GlobalSection(SolutionProperties) = preSolution
		HideSolutionNode = FALSE
	EndGlobalSection
	GlobalSection(ExtensibilityGlobals) = postSolution
		SolutionGuid = {569B2DE5-8803-474C-923C-3126E7D6FE3B}
	EndGlobalSection
EndGlobal
